// !$*UTF8*$!
{
	archiveVersion = 1;
	classes = {
	};
	objectVersion = 50;
	objects = {

/* Begin PBXBuildFile section */
		845A0413244DE5CF0037FCAE /* AppDelegate.swift in Sources */ = {isa = PBXBuildFile; fileRef = 845A0412244DE5CF0037FCAE /* AppDelegate.swift */; };
		845A0415244DE5CF0037FCAE /* SceneDelegate.swift in Sources */ = {isa = PBXBuildFile; fileRef = 845A0414244DE5CF0037FCAE /* SceneDelegate.swift */; };
		845A0417244DE5CF0037FCAE /* ViewController.swift in Sources */ = {isa = PBXBuildFile; fileRef = 845A0416244DE5CF0037FCAE /* ViewController.swift */; };
		845A041A244DE5CF0037FCAE /* Main.storyboard in Resources */ = {isa = PBXBuildFile; fileRef = 845A0418244DE5CF0037FCAE /* Main.storyboard */; };
		845A041C244DE5D10037FCAE /* Assets.xcassets in Resources */ = {isa = PBXBuildFile; fileRef = 845A041B244DE5D10037FCAE /* Assets.xcassets */; };
		845A041F244DE5D10037FCAE /* LaunchScreen.storyboard in Resources */ = {isa = PBXBuildFile; fileRef = 845A041D244DE5D10037FCAE /* LaunchScreen.storyboard */; };
		845A042A244DE5D10037FCAE /* LightTests.swift in Sources */ = {isa = PBXBuildFile; fileRef = 845A0429244DE5D10037FCAE /* LightTests.swift */; };
		845A0435244DE5D10037FCAE /* LightUITests.swift in Sources */ = {isa = PBXBuildFile; fileRef = 845A0434244DE5D10037FCAE /* LightUITests.swift */; };
/* End PBXBuildFile section */

/* Begin PBXContainerItemProxy section */
		845A0426244DE5D10037FCAE /* PBXContainerItemProxy */ = {
			isa = PBXContainerItemProxy;
			containerPortal = 845A0407244DE5CF0037FCAE /* Project object */;
			proxyType = 1;
			remoteGlobalIDString = 845A040E244DE5CF0037FCAE;
			remoteInfo = Light;
		};
		845A0431244DE5D10037FCAE /* PBXContainerItemProxy */ = {
			isa = PBXContainerItemProxy;
			containerPortal = 845A0407244DE5CF0037FCAE /* Project object */;
			proxyType = 1;
			remoteGlobalIDString = 845A040E244DE5CF0037FCAE;
			remoteInfo = Light;
		};
/* End PBXContainerItemProxy section */

/* Begin PBXFileReference section */
		845A040F244DE5CF0037FCAE /* Light.app */ = {isa = PBXFileReference; explicitFileType = wrapper.application; includeInIndex = 0; path = Light.app; sourceTree = BUILT_PRODUCTS_DIR; };
		845A0412244DE5CF0037FCAE /* AppDelegate.swift */ = {isa = PBXFileReference; lastKnownFileType = sourcecode.swift; path = AppDelegate.swift; sourceTree = "<group>"; };
		845A0414244DE5CF0037FCAE /* SceneDelegate.swift */ = {isa = PBXFileReference; lastKnownFileType = sourcecode.swift; path = SceneDelegate.swift; sourceTree = "<group>"; };
		845A0416244DE5CF0037FCAE /* ViewController.swift */ = {isa = PBXFileReference; lastKnownFileType = sourcecode.swift; path = ViewController.swift; sourceTree = "<group>"; };
		845A0419244DE5CF0037FCAE /* Base */ = {isa = PBXFileReference; lastKnownFileType = file.storyboard; name = Base; path = Base.lproj/Main.storyboard; sourceTree = "<group>"; };
		845A041B244DE5D10037FCAE /* Assets.xcassets */ = {isa = PBXFileReference; lastKnownFileType = folder.assetcatalog; path = Assets.xcassets; sourceTree = "<group>"; };
		845A041E244DE5D10037FCAE /* Base */ = {isa = PBXFileReference; lastKnownFileType = file.storyboard; name = Base; path = Base.lproj/LaunchScreen.storyboard; sourceTree = "<group>"; };
		845A0420244DE5D10037FCAE /* Info.plist */ = {isa = PBXFileReference; lastKnownFileType = text.plist.xml; path = Info.plist; sourceTree = "<group>"; };
		845A0425244DE5D10037FCAE /* LightTests.xctest */ = {isa = PBXFileReference; explicitFileType = wrapper.cfbundle; includeInIndex = 0; path = LightTests.xctest; sourceTree = BUILT_PRODUCTS_DIR; };
		845A0429244DE5D10037FCAE /* LightTests.swift */ = {isa = PBXFileReference; lastKnownFileType = sourcecode.swift; path = LightTests.swift; sourceTree = "<group>"; };
		845A042B244DE5D10037FCAE /* Info.plist */ = {isa = PBXFileReference; lastKnownFileType = text.plist.xml; path = Info.plist; sourceTree = "<group>"; };
		845A0430244DE5D10037FCAE /* LightUITests.xctest */ = {isa = PBXFileReference; explicitFileType = wrapper.cfbundle; includeInIndex = 0; path = LightUITests.xctest; sourceTree = BUILT_PRODUCTS_DIR; };
		845A0434244DE5D10037FCAE /* LightUITests.swift */ = {isa = PBXFileReference; lastKnownFileType = sourcecode.swift; path = LightUITests.swift; sourceTree = "<group>"; };
		845A0436244DE5D10037FCAE /* Info.plist */ = {isa = PBXFileReference; lastKnownFileType = text.plist.xml; path = Info.plist; sourceTree = "<group>"; };
/* End PBXFileReference section */

/* Begin PBXFrameworksBuildPhase section */
		845A040C244DE5CF0037FCAE /* Frameworks */ = {
			isa = PBXFrameworksBuildPhase;
			buildActionMask = 2147483647;
			files = (
			);
			runOnlyForDeploymentPostprocessing = 0;
		};
		845A0422244DE5D10037FCAE /* Frameworks */ = {
			isa = PBXFrameworksBuildPhase;
			buildActionMask = 2147483647;
			files = (
			);
			runOnlyForDeploymentPostprocessing = 0;
		};
		845A042D244DE5D10037FCAE /* Frameworks */ = {
			isa = PBXFrameworksBuildPhase;
			buildActionMask = 2147483647;
			files = (
			);
			runOnlyForDeploymentPostprocessing = 0;
		};
/* End PBXFrameworksBuildPhase section */

/* Begin PBXGroup section */
		845A0406244DE5CF0037FCAE = {
			isa = PBXGroup;
			children = (
				845A0411244DE5CF0037FCAE /* Light */,
				845A0428244DE5D10037FCAE /* LightTests */,
				845A0433244DE5D10037FCAE /* LightUITests */,
				845A0410244DE5CF0037FCAE /* Products */,
			);
			sourceTree = "<group>";
		};
		845A0410244DE5CF0037FCAE /* Products */ = {
			isa = PBXGroup;
			children = (
				845A040F244DE5CF0037FCAE /* Light.app */,
				845A0425244DE5D10037FCAE /* LightTests.xctest */,
				845A0430244DE5D10037FCAE /* LightUITests.xctest */,
			);
			name = Products;
			sourceTree = "<group>";
		};
		845A0411244DE5CF0037FCAE /* Light */ = {
			isa = PBXGroup;
			children = (
				845A0412244DE5CF0037FCAE /* AppDelegate.swift */,
				845A0414244DE5CF0037FCAE /* SceneDelegate.swift */,
				845A0416244DE5CF0037FCAE /* ViewController.swift */,
				845A0418244DE5CF0037FCAE /* Main.storyboard */,
				845A041B244DE5D10037FCAE /* Assets.xcassets */,
				845A041D244DE5D10037FCAE /* LaunchScreen.storyboard */,
				845A0420244DE5D10037FCAE /* Info.plist */,
			);
			path = Light;
			sourceTree = "<group>";
		};
		845A0428244DE5D10037FCAE /* LightTests */ = {
			isa = PBXGroup;
			children = (
				845A0429244DE5D10037FCAE /* LightTests.swift */,
				845A042B244DE5D10037FCAE /* Info.plist */,
			);
			path = LightTests;
			sourceTree = "<group>";
		};
		845A0433244DE5D10037FCAE /* LightUITests */ = {
			isa = PBXGroup;
			children = (
				845A0434244DE5D10037FCAE /* LightUITests.swift */,
				845A0436244DE5D10037FCAE /* Info.plist */,
			);
			path = LightUITests;
			sourceTree = "<group>";
		};
/* End PBXGroup section */

/* Begin PBXNativeTarget section */
		845A040E244DE5CF0037FCAE /* Light */ = {
			isa = PBXNativeTarget;
			buildConfigurationList = 845A0439244DE5D10037FCAE /* Build configuration list for PBXNativeTarget "Light" */;
			buildPhases = (
				845A040B244DE5CF0037FCAE /* Sources */,
				845A040C244DE5CF0037FCAE /* Frameworks */,
				845A040D244DE5CF0037FCAE /* Resources */,
			);
			buildRules = (
			);
			dependencies = (
			);
			name = Light;
			productName = Light;
			productReference = 845A040F244DE5CF0037FCAE /* Light.app */;
			productType = "com.apple.product-type.application";
		};
		845A0424244DE5D10037FCAE /* LightTests */ = {
			isa = PBXNativeTarget;
			buildConfigurationList = 845A043C244DE5D10037FCAE /* Build configuration list for PBXNativeTarget "LightTests" */;
			buildPhases = (
				845A0421244DE5D10037FCAE /* Sources */,
				845A0422244DE5D10037FCAE /* Frameworks */,
				845A0423244DE5D10037FCAE /* Resources */,
			);
			buildRules = (
			);
			dependencies = (
				845A0427244DE5D10037FCAE /* PBXTargetDependency */,
			);
			name = LightTests;
			productName = LightTests;
			productReference = 845A0425244DE5D10037FCAE /* LightTests.xctest */;
			productType = "com.apple.product-type.bundle.unit-test";
		};
		845A042F244DE5D10037FCAE /* LightUITests */ = {
			isa = PBXNativeTarget;
			buildConfigurationList = 845A043F244DE5D10037FCAE /* Build configuration list for PBXNativeTarget "LightUITests" */;
			buildPhases = (
				845A042C244DE5D10037FCAE /* Sources */,
				845A042D244DE5D10037FCAE /* Frameworks */,
				845A042E244DE5D10037FCAE /* Resources */,
			);
			buildRules = (
			);
			dependencies = (
				845A0432244DE5D10037FCAE /* PBXTargetDependency */,
			);
			name = LightUITests;
			productName = LightUITests;
			productReference = 845A0430244DE5D10037FCAE /* LightUITests.xctest */;
			productType = "com.apple.product-type.bundle.ui-testing";
		};
/* End PBXNativeTarget section */

/* Begin PBXProject section */
		845A0407244DE5CF0037FCAE /* Project object */ = {
			isa = PBXProject;
			attributes = {
				LastSwiftUpdateCheck = 1140;
				LastUpgradeCheck = 1140;
				ORGANIZATIONNAME = Administlator;
				TargetAttributes = {
					845A040E244DE5CF0037FCAE = {
						CreatedOnToolsVersion = 11.4;
					};
					845A0424244DE5D10037FCAE = {
						CreatedOnToolsVersion = 11.4;
						TestTargetID = 845A040E244DE5CF0037FCAE;
					};
					845A042F244DE5D10037FCAE = {
						CreatedOnToolsVersion = 11.4;
						TestTargetID = 845A040E244DE5CF0037FCAE;
					};
				};
			};
			buildConfigurationList = 845A040A244DE5CF0037FCAE /* Build configuration list for PBXProject "Light" */;
			compatibilityVersion = "Xcode 9.3";
			developmentRegion = en;
			hasScannedForEncodings = 0;
			knownRegions = (
				en,
				Base,
			);
			mainGroup = 845A0406244DE5CF0037FCAE;
			productRefGroup = 845A0410244DE5CF0037FCAE /* Products */;
			projectDirPath = "";
			projectRoot = "";
			targets = (
				845A040E244DE5CF0037FCAE /* Light */,
				845A0424244DE5D10037FCAE /* LightTests */,
				845A042F244DE5D10037FCAE /* LightUITests */,
			);
		};
/* End PBXProject section */

/* Begin PBXResourcesBuildPhase section */
		845A040D244DE5CF0037FCAE /* Resources */ = {
			isa = PBXResourcesBuildPhase;
			buildActionMask = 2147483647;
			files = (
				845A041F244DE5D10037FCAE /* LaunchScreen.storyboard in Resources */,
				845A041C244DE5D10037FCAE /* Assets.xcassets in Resources */,
				845A041A244DE5CF0037FCAE /* Main.storyboard in Resources */,
			);
			runOnlyForDeploymentPostprocessing = 0;
		};
		845A0423244DE5D10037FCAE /* Resources */ = {
			isa = PBXResourcesBuildPhase;
			buildActionMask = 2147483647;
			files = (
			);
			runOnlyForDeploymentPostprocessing = 0;
		};
		845A042E244DE5D10037FCAE /* Resources */ = {
			isa = PBXResourcesBuildPhase;
			buildActionMask = 2147483647;
			files = (
			);
			runOnlyForDeploymentPostprocessing = 0;
		};
/* End PBXResourcesBuildPhase section */

/* Begin PBXSourcesBuildPhase section */
		845A040B244DE5CF0037FCAE /* Sources */ = {
			isa = PBXSourcesBuildPhase;
			buildActionMask = 2147483647;
			files = (
				845A0417244DE5CF0037FCAE /* ViewController.swift in Sources */,
				845A0413244DE5CF0037FCAE /* AppDelegate.swift in Sources */,
				845A0415244DE5CF0037FCAE /* SceneDelegate.swift in Sources */,
			);
			runOnlyForDeploymentPostprocessing = 0;
		};
		845A0421244DE5D10037FCAE /* Sources */ = {
			isa = PBXSourcesBuildPhase;
			buildActionMask = 2147483647;
			files = (
				845A042A244DE5D10037FCAE /* LightTests.swift in Sources */,
			);
			runOnlyForDeploymentPostprocessing = 0;
		};
		845A042C244DE5D10037FCAE /* Sources */ = {
			isa = PBXSourcesBuildPhase;
			buildActionMask = 2147483647;
			files = (
				845A0435244DE5D10037FCAE /* LightUITests.swift in Sources */,
			);
			runOnlyForDeploymentPostprocessing = 0;
		};
/* End PBXSourcesBuildPhase section */

/* Begin PBXTargetDependency section */
		845A0427244DE5D10037FCAE /* PBXTargetDependency */ = {
			isa = PBXTargetDependency;
			target = 845A040E244DE5CF0037FCAE /* Light */;
			targetProxy = 845A0426244DE5D10037FCAE /* PBXContainerItemProxy */;
		};
		845A0432244DE5D10037FCAE /* PBXTargetDependency */ = {
			isa = PBXTargetDependency;
			target = 845A040E244DE5CF0037FCAE /* Light */;
			targetProxy = 845A0431244DE5D10037FCAE /* PBXContainerItemProxy */;
		};
/* End PBXTargetDependency section */

/* Begin PBXVariantGroup section */
		845A0418244DE5CF0037FCAE /* Main.storyboard */ = {
			isa = PBXVariantGroup;
			children = (
				845A0419244DE5CF0037FCAE /* Base */,
			);
			name = Main.storyboard;
			sourceTree = "<group>";
		};
		845A041D244DE5D10037FCAE /* LaunchScreen.storyboard */ = {
			isa = PBXVariantGroup;
			children = (
				845A041E244DE5D10037FCAE /* Base */,
			);
			name = LaunchScreen.storyboard;
			sourceTree = "<group>";
		};
/* End PBXVariantGroup section */

/* Begin XCBuildConfiguration section */
		845A0437244DE5D10037FCAE /* Debug */ = {
			isa = XCBuildConfiguration;
			buildSettings = {
				ALWAYS_SEARCH_USER_PATHS = NO;
				CLANG_ANALYZER_NONNULL = YES;
				CLANG_ANALYZER_NUMBER_OBJECT_CONVERSION = YES_AGGRESSIVE;
				CLANG_CXX_LANGUAGE_STANDARD = "gnu++14";
				CLANG_CXX_LIBRARY = "libc++";
				CLANG_ENABLE_MODULES = YES;
				CLANG_ENABLE_OBJC_ARC = YES;
				CLANG_ENABLE_OBJC_WEAK = YES;
				CLANG_WARN_BLOCK_CAPTURE_AUTORELEASING = YES;
				CLANG_WARN_BOOL_CONVERSION = YES;
				CLANG_WARN_COMMA = YES;
				CLANG_WARN_CONSTANT_CONVERSION = YES;
				CLANG_WARN_DEPRECATED_OBJC_IMPLEMENTATIONS = YES;
				CLANG_WARN_DIRECT_OBJC_ISA_USAGE = YES_ERROR;
				CLANG_WARN_DOCUMENTATION_COMMENTS = YES;
				CLANG_WARN_EMPTY_BODY = YES;
				CLANG_WARN_ENUM_CONVERSION = YES;
				CLANG_WARN_INFINITE_RECURSION = YES;
				CLANG_WARN_INT_CONVERSION = YES;
				CLANG_WARN_NON_LITERAL_NULL_CONVERSION = YES;
				CLANG_WARN_OBJC_IMPLICIT_RETAIN_SELF = YES;
				CLANG_WARN_OBJC_LITERAL_CONVERSION = YES;
				CLANG_WARN_OBJC_ROOT_CLASS = YES_ERROR;
				CLANG_WARN_RANGE_LOOP_ANALYSIS = YES;
				CLANG_WARN_STRICT_PROTOTYPES = YES;
				CLANG_WARN_SUSPICIOUS_MOVE = YES;
				CLANG_WARN_UNGUARDED_AVAILABILITY = YES_AGGRESSIVE;
				CLANG_WARN_UNREACHABLE_CODE = YES;
				CLANG_WARN__DUPLICATE_METHOD_MATCH = YES;
				COPY_PHASE_STRIP = NO;
				DEBUG_INFORMATION_FORMAT = dwarf;
				ENABLE_STRICT_OBJC_MSGSEND = YES;
				ENABLE_TESTABILITY = YES;
				GCC_C_LANGUAGE_STANDARD = gnu11;
				GCC_DYNAMIC_NO_PIC = NO;
				GCC_NO_COMMON_BLOCKS = YES;
				GCC_OPTIMIZATION_LEVEL = 0;
				GCC_PREPROCESSOR_DEFINITIONS = (
					"DEBUG=1",
					"$(inherited)",
				);
				GCC_WARN_64_TO_32_BIT_CONVERSION = YES;
				GCC_WARN_ABOUT_RETURN_TYPE = YES_ERROR;
				GCC_WARN_UNDECLARED_SELECTOR = YES;
				GCC_WARN_UNINITIALIZED_AUTOS = YES_AGGRESSIVE;
				GCC_WARN_UNUSED_FUNCTION = YES;
				GCC_WARN_UNUSED_VARIABLE = YES;
				IPHONEOS_DEPLOYMENT_TARGET = 13.4;
				MTL_ENABLE_DEBUG_INFO = INCLUDE_SOURCE;
				MTL_FAST_MATH = YES;
				ONLY_ACTIVE_ARCH = YES;
				SDKROOT = iphoneos;
				SWIFT_ACTIVE_COMPILATION_CONDITIONS = DEBUG;
				SWIFT_OPTIMIZATION_LEVEL = "-Onone";
			};
			name = Debug;
		};
		845A0438244DE5D10037FCAE /* Release */ = {
			isa = XCBuildConfiguration;
			buildSettings = {
				ALWAYS_SEARCH_USER_PATHS = NO;
				CLANG_ANALYZER_NONNULL = YES;
				CLANG_ANALYZER_NUMBER_OBJECT_CONVERSION = YES_AGGRESSIVE;
				CLANG_CXX_LANGUAGE_STANDARD = "gnu++14";
				CLANG_CXX_LIBRARY = "libc++";
				CLANG_ENABLE_MODULES = YES;
				CLANG_ENABLE_OBJC_ARC = YES;
				CLANG_ENABLE_OBJC_WEAK = YES;
				CLANG_WARN_BLOCK_CAPTURE_AUTORELEASING = YES;
				CLANG_WARN_BOOL_CONVERSION = YES;
				CLANG_WARN_COMMA = YES;
				CLANG_WARN_CONSTANT_CONVERSION = YES;
				CLANG_WARN_DEPRECATED_OBJC_IMPLEMENTATIONS = YES;
				CLANG_WARN_DIRECT_OBJC_ISA_USAGE = YES_ERROR;
				CLANG_WARN_DOCUMENTATION_COMMENTS = YES;
				CLANG_WARN_EMPTY_BODY = YES;
				CLANG_WARN_ENUM_CONVERSION = YES;
				CLANG_WARN_INFINITE_RECURSION = YES;
				CLANG_WARN_INT_CONVERSION = YES;
				CLANG_WARN_NON_LITERAL_NULL_CONVERSION = YES;
				CLANG_WARN_OBJC_IMPLICIT_RETAIN_SELF = YES;
				CLANG_WARN_OBJC_LITERAL_CONVERSION = YES;
				CLANG_WARN_OBJC_ROOT_CLASS = YES_ERROR;
				CLANG_WARN_RANGE_LOOP_ANALYSIS = YES;
				CLANG_WARN_STRICT_PROTOTYPES = YES;
				CLANG_WARN_SUSPICIOUS_MOVE = YES;
				CLANG_WARN_UNGUARDED_AVAILABILITY = YES_AGGRESSIVE;
				CLANG_WARN_UNREACHABLE_CODE = YES;
				CLANG_WARN__DUPLICATE_METHOD_MATCH = YES;
				COPY_PHASE_STRIP = NO;
				DEBUG_INFORMATION_FORMAT = "dwarf-with-dsym";
				ENABLE_NS_ASSERTIONS = NO;
				ENABLE_STRICT_OBJC_MSGSEND = YES;
				GCC_C_LANGUAGE_STANDARD = gnu11;
				GCC_NO_COMMON_BLOCKS = YES;
				GCC_WARN_64_TO_32_BIT_CONVERSION = YES;
				GCC_WARN_ABOUT_RETURN_TYPE = YES_ERROR;
				GCC_WARN_UNDECLARED_SELECTOR = YES;
				GCC_WARN_UNINITIALIZED_AUTOS = YES_AGGRESSIVE;
				GCC_WARN_UNUSED_FUNCTION = YES;
				GCC_WARN_UNUSED_VARIABLE = YES;
				IPHONEOS_DEPLOYMENT_TARGET = 13.4;
				MTL_ENABLE_DEBUG_INFO = NO;
				MTL_FAST_MATH = YES;
				SDKROOT = iphoneos;
				SWIFT_COMPILATION_MODE = wholemodule;
				SWIFT_OPTIMIZATION_LEVEL = "-O";
				VALIDATE_PRODUCT = YES;
			};
			name = Release;
		};
		845A043A244DE5D10037FCAE /* Debug */ = {
			isa = XCBuildConfiguration;
			buildSettings = {
				ASSETCATALOG_COMPILER_APPICON_NAME = AppIcon;
				CODE_SIGN_STYLE = Automatic;
				DEVELOPMENT_TEAM = P56BBK28XQ;
				INFOPLIST_FILE = Light/Info.plist;
				LD_RUNPATH_SEARCH_PATHS = (
					"$(inherited)",
					"@executable_path/Frameworks",
				);
				PRODUCT_BUNDLE_IDENTIFIER = "com.version-1.Light";
				PRODUCT_NAME = "$(TARGET_NAME)";
				SWIFT_VERSION = 5.0;
				TARGETED_DEVICE_FAMILY = "1,2";
			};
			name = Debug;
		};
		845A043B244DE5D10037FCAE /* Release */ = {
			isa = XCBuildConfiguration;
			buildSettings = {
				ASSETCATALOG_COMPILER_APPICON_NAME = AppIcon;
				CODE_SIGN_STYLE = Automatic;
				DEVELOPMENT_TEAM = P56BBK28XQ;
				INFOPLIST_FILE = Light/Info.plist;
				LD_RUNPATH_SEARCH_PATHS = (
					"$(inherited)",
					"@executable_path/Frameworks",
				);
				PRODUCT_BUNDLE_IDENTIFIER = "com.version-1.Light";
				PRODUCT_NAME = "$(TARGET_NAME)";
				SWIFT_VERSION = 5.0;
				TARGETED_DEVICE_FAMILY = "1,2";
			};
			name = Release;
		};
		845A043D244DE5D10037FCAE /* Debug */ = {
			isa = XCBuildConfiguration;
			buildSettings = {
				ALWAYS_EMBED_SWIFT_STANDARD_LIBRARIES = YES;
				BUNDLE_LOADER = "$(TEST_HOST)";
				CODE_SIGN_STYLE = Automatic;
				DEVELOPMENT_TEAM = P56BBK28XQ;
				INFOPLIST_FILE = LightTests/Info.plist;
				IPHONEOS_DEPLOYMENT_TARGET = 13.4;
				LD_RUNPATH_SEARCH_PATHS = (
					"$(inherited)",
					"@executable_path/Frameworks",
					"@loader_path/Frameworks",
				);
				PRODUCT_BUNDLE_IDENTIFIER = "com.version-1.LightTests";
				PRODUCT_NAME = "$(TARGET_NAME)";
				SWIFT_VERSION = 5.0;
				TARGETED_DEVICE_FAMILY = "1,2";
				TEST_HOST = "$(BUILT_PRODUCTS_DIR)/Light.app/Light";
			};
			name = Debug;
		};
		845A043E244DE5D10037FCAE /* Release */ = {
			isa = XCBuildConfiguration;
			buildSettings = {
				ALWAYS_EMBED_SWIFT_STANDARD_LIBRARIES = YES;
				BUNDLE_LOADER = "$(TEST_HOST)";
				CODE_SIGN_STYLE = Automatic;
				DEVELOPMENT_TEAM = P56BBK28XQ;
				INFOPLIST_FILE = LightTests/Info.plist;
				IPHONEOS_DEPLOYMENT_TARGET = 13.4;
				LD_RUNPATH_SEARCH_PATHS = (
					"$(inherited)",
					"@executable_path/Frameworks",
					"@loader_path/Frameworks",
				);
				PRODUCT_BUNDLE_IDENTIFIER = "com.version-1.LightTests";
				PRODUCT_NAME = "$(TARGET_NAME)";
				SWIFT_VERSION = 5.0;
				TARGETED_DEVICE_FAMILY = "1,2";
				TEST_HOST = "$(BUILT_PRODUCTS_DIR)/Light.app/Light";
			};
			name = Release;
		};
		845A0440244DE5D10037FCAE /* Debug */ = {
			isa = XCBuildConfiguration;
			buildSettings = {
				ALWAYS_EMBED_SWIFT_STANDARD_LIBRARIES = YES;
				CODE_SIGN_STYLE = Automatic;
				DEVELOPMENT_TEAM = P56BBK28XQ;
				INFOPLIST_FILE = LightUITests/Info.plist;
				LD_RUNPATH_SEARCH_PATHS = (
					"$(inherited)",
					"@executable_path/Frameworks",
					"@loader_path/Frameworks",
				);
				PRODUCT_BUNDLE_IDENTIFIER = "com.version-1.LightUITests";
				PRODUCT_NAME = "$(TARGET_NAME)";
				SWIFT_VERSION = 5.0;
				TARGETED_DEVICE_FAMILY = "1,2";
				TEST_TARGET_NAME = Light;
			};
			name = Debug;
		};
		845A0441244DE5D10037FCAE /* Release */ = {
			isa = XCBuildConfiguration;
			buildSettings = {
				ALWAYS_EMBED_SWIFT_STANDARD_LIBRARIES = YES;
				CODE_SIGN_STYLE = Automatic;
				DEVELOPMENT_TEAM = P56BBK28XQ;
				INFOPLIST_FILE = LightUITests/Info.plist;
				LD_RUNPATH_SEARCH_PATHS = (
					"$(inherited)",
					"@executable_path/Frameworks",
					"@loader_path/Frameworks",
				);
				PRODUCT_BUNDLE_IDENTIFIER = "com.version-1.LightUITests";
				PRODUCT_NAME = "$(TARGET_NAME)";
				SWIFT_VERSION = 5.0;
				TARGETED_DEVICE_FAMILY = "1,2";
				TEST_TARGET_NAME = Light;
			};
			name = Release;
		};
/* End XCBuildConfiguration section */

/* Begin XCConfigurationList section */
		845A040A244DE5CF0037FCAE /* Build configuration list for PBXProject "Light" */ = {
			isa = XCConfigurationList;
			buildConfigurations = (
				845A0437244DE5D10037FCAE /* Debug */,
				845A0438244DE5D10037FCAE /* Release */,
			);
			defaultConfigurationIsVisible = 0;
			defaultConfigurationName = Release;
		};
		845A0439244DE5D10037FCAE /* Build configuration list for PBXNativeTarget "Light" */ = {
			isa = XCConfigurationList;
			buildConfigurations = (
				845A043A244DE5D10037FCAE /* Debug */,
				845A043B244DE5D10037FCAE /* Release */,
			);
			defaultConfigurationIsVisible = 0;
			defaultConfigurationName = Release;
		};
		845A043C244DE5D10037FCAE /* Build configuration list for PBXNativeTarget "LightTests" */ = {
			isa = XCConfigurationList;
			buildConfigurations = (
				845A043D244DE5D10037FCAE /* Debug */,
				845A043E244DE5D10037FCAE /* Release */,
			);
			defaultConfigurationIsVisible = 0;
			defaultConfigurationName = Release;
		};
		845A043F244DE5D10037FCAE /* Build configuration list for PBXNativeTarget "LightUITests" */ = {
			isa = XCConfigurationList;
			buildConfigurations = (
				845A0440244DE5D10037FCAE /* Debug */,
				845A0441244DE5D10037FCAE /* Release */,
			);
			defaultConfigurationIsVisible = 0;
			defaultConfigurationName = Release;
		};
/* End XCConfigurationList section */
	};
	rootObject = 845A0407244DE5CF0037FCAE /* Project object */;
}
